# THIS IS AN AUTOGENERATED FILE. DO NOT EDIT THIS FILE DIRECTLY.
# yarn lockfile v1


buffer-from@^1.0.0:
  version "1.1.1"
  resolved "https://registry.yarnpkg.com/buffer-from/-/buffer-from-1.1.1.tgz#32713bc028f75c02fdb710d7c7bcec1f2c6070ef"
  integrity sha512-MQcXEUbCKtEo7bhqEs6560Hyd4XaovZlO/k9V3hjVUF/zwW7KBVdSK4gIt/bzwS9MbR5qob+F5jusZsb0YQK2A==

commander@^2.20.0:
  version "2.20.1"
  resolved "https://registry.yarnpkg.com/commander/-/commander-2.20.1.tgz#3863ce3ca92d0831dcf2a102f5fb4b5926afd0f9"
  integrity sha512-cCuLsMhJeWQ/ZpsFTbE765kvVfoeSddc4nU3up4fV+fDBcfUXnbITJ+JzhkdjzOqhURjZgujxaioam4RM9yGUg==

source-map-support@~0.5.12:
  version "0.5.13"
  resolved "https://registry.yarnpkg.com/source-map-support/-/source-map-support-0.5.13.tgz#31b24a9c2e73c2de85066c0feb7d44767ed52932"
  integrity sha512-SHSKFHadjVA5oR4PPqhtAVdcBWwRYVd6g6cAXnIbRiIwc2EhPrTuKUBdSLvlEKyIP3GCf89fltvcZiP9MMFA1w==
  dependencies:
    buffer-from "^1.0.0"
    source-map "^0.6.0"

source-map@^0.6.0, source-map@~0.6.1:
  version "0.6.1"
  resolved "https://registry.yarnpkg.com/source-map/-/source-map-0.6.1.tgz#74722af32e9614e9c287a8d0bbde48b5e2f1a263"
  integrity sha512-UjgapumWlbMhkBgzT7Ykc5YXUT46F0iKu8SGXq0bcwP5dz/h0Plj6enJqjz1Zbq2l5WaqYnrVbwWOWMyF3F47g==

terser@^4.6.13:
  version "4.6.13"
  resolved "https://registry.yarnpkg.com/terser/-/terser-4.6.13.tgz#e879a7364a5e0db52ba4891ecde007422c56a916"
  integrity sha512-wMvqukYgVpQlymbnNbabVZbtM6PN63AzqexpwJL8tbh/mRT9LE5o+ruVduAGL7D6Fpjl+Q+06U5I9Ul82odAhw==
  dependencies:
    commander "^2.20.0"
    source-map "~0.6.1"
    source-map-support "~0.5.12"

typescript@^3.8.3:
  version "3.8.3"
  resolved "https://registry.yarnpkg.com/typescript/-/typescript-3.8.3.tgz#409eb8544ea0335711205869ec458ab109ee1061"
  integrity sha512-MYlEfn5VrLNsgudQTVJeNaQFUAI7DkhnOjdpAp4T+ku1TfQClewlbSuTVHiA+8skNBgaf02TL/kLOvig4y3G8w==
